
Microsoft Visual Studio Solution File, Format Version 12.00
# Visual Studio Version 16
VisualStudioVersion = 16.0.29920.165
MinimumVisualStudioVersion = 10.0.40219.1
Project("{FAE04EC0-301F-11D3-BF4B-00C04F79EFBC}") = "Exercicio Resolvido 5", "Exercicio Resolvido 5\Exercicio Resolvido 5.csproj", "{5EF51DDE-F2DC-4633-989F-F42ADFD7339A}"
EndProject
Global
	GlobalSection(SolutionConfigurationPlatforms) = preSolution
		Debug|Any CPU = Debug|Any CPU
		Release|Any CPU = Release|Any CPU
	EndGlobalSection
	GlobalSection(ProjectConfigurationPlatforms) = postSolution
		{5EF51DDE-F2DC-4633-989F-F42ADFD7339A}.Debug|Any CPU.ActiveCfg = Debug|Any CPU
		{5EF51DDE-F2DC-4633-989F-F42ADFD7339A}.Debug|Any CPU.Build.0 = Debug|Any CPU
		{5EF51DDE-F2DC-4633-989F-F42ADFD7339A}.Release|Any CPU.ActiveCfg = Release|Any CPU
		{5EF51DDE-F2DC-4633-989F-F42ADFD7339A}.Release|Any CPU.Build.0 = Release|Any CPU
	EndGlobalSection
	GlobalSection(SolutionProperties) = preSolution
		HideSolutionNode = FALSE
	EndGlobalSection
	GlobalSection(ExtensibilityGlobals) = postSolution
		SolutionGuid = {E5BA717C-6876-4E68-9D40-8BBDC072C6CF}
	EndGlobalSection
EndGlobal
