
Microsoft Visual Studio Solution File, Format Version 12.00
# Visual Studio Version 16
VisualStudioVersion = 16.0.29920.165
MinimumVisualStudioVersion = 10.0.40219.1
Project("{FAE04EC0-301F-11D3-BF4B-00C04F79EFBC}") = "HerdarVSCumprirContrato", "HerdarVSCumprirContrato\HerdarVSCumprirContrato.csproj", "{488B6DD7-3C4A-40EE-A722-22C11B75E8D2}"
EndProject
Global
	GlobalSection(SolutionConfigurationPlatforms) = preSolution
		Debug|Any CPU = Debug|Any CPU
		Release|Any CPU = Release|Any CPU
	EndGlobalSection
	GlobalSection(ProjectConfigurationPlatforms) = postSolution
		{488B6DD7-3C4A-40EE-A722-22C11B75E8D2}.Debug|Any CPU.ActiveCfg = Debug|Any CPU
		{488B6DD7-3C4A-40EE-A722-22C11B75E8D2}.Debug|Any CPU.Build.0 = Debug|Any CPU
		{488B6DD7-3C4A-40EE-A722-22C11B75E8D2}.Release|Any CPU.ActiveCfg = Release|Any CPU
		{488B6DD7-3C4A-40EE-A722-22C11B75E8D2}.Release|Any CPU.Build.0 = Release|Any CPU
	EndGlobalSection
	GlobalSection(SolutionProperties) = preSolution
		HideSolutionNode = FALSE
	EndGlobalSection
	GlobalSection(ExtensibilityGlobals) = postSolution
		SolutionGuid = {187AF602-F590-470B-AFB8-2992D86EB560}
	EndGlobalSection
EndGlobal
