
Microsoft Visual Studio Solution File, Format Version 12.00
# Visual Studio Version 16
VisualStudioVersion = 16.0.29920.165
MinimumVisualStudioVersion = 10.0.40219.1
Project("{FAE04EC0-301F-11D3-BF4B-00C04F79EFBC}") = "File, FileInfo e IOException", "File, FileInfo e IOException\File, FileInfo e IOException.csproj", "{FF3F86DF-E2F1-4918-94A4-15152B9CA9F5}"
EndProject
Global
	GlobalSection(SolutionConfigurationPlatforms) = preSolution
		Debug|Any CPU = Debug|Any CPU
		Release|Any CPU = Release|Any CPU
	EndGlobalSection
	GlobalSection(ProjectConfigurationPlatforms) = postSolution
		{FF3F86DF-E2F1-4918-94A4-15152B9CA9F5}.Debug|Any CPU.ActiveCfg = Debug|Any CPU
		{FF3F86DF-E2F1-4918-94A4-15152B9CA9F5}.Debug|Any CPU.Build.0 = Debug|Any CPU
		{FF3F86DF-E2F1-4918-94A4-15152B9CA9F5}.Release|Any CPU.ActiveCfg = Release|Any CPU
		{FF3F86DF-E2F1-4918-94A4-15152B9CA9F5}.Release|Any CPU.Build.0 = Release|Any CPU
	EndGlobalSection
	GlobalSection(SolutionProperties) = preSolution
		HideSolutionNode = FALSE
	EndGlobalSection
	GlobalSection(ExtensibilityGlobals) = postSolution
		SolutionGuid = {6C98EF04-D5D9-4A5F-8F9A-32C869B97990}
	EndGlobalSection
EndGlobal
