
Microsoft Visual Studio Solution File, Format Version 12.00
# Visual Studio Version 16
VisualStudioVersion = 16.0.29920.165
MinimumVisualStudioVersion = 10.0.40219.1
Project("{FAE04EC0-301F-11D3-BF4B-00C04F79EFBC}") = "Exercicio 16", "Exercicio 16\Exercicio 16.csproj", "{E3F69D08-A1D4-49A3-B36C-4FD3EB0515DF}"
EndProject
Global
	GlobalSection(SolutionConfigurationPlatforms) = preSolution
		Debug|Any CPU = Debug|Any CPU
		Release|Any CPU = Release|Any CPU
	EndGlobalSection
	GlobalSection(ProjectConfigurationPlatforms) = postSolution
		{E3F69D08-A1D4-49A3-B36C-4FD3EB0515DF}.Debug|Any CPU.ActiveCfg = Debug|Any CPU
		{E3F69D08-A1D4-49A3-B36C-4FD3EB0515DF}.Debug|Any CPU.Build.0 = Debug|Any CPU
		{E3F69D08-A1D4-49A3-B36C-4FD3EB0515DF}.Release|Any CPU.ActiveCfg = Release|Any CPU
		{E3F69D08-A1D4-49A3-B36C-4FD3EB0515DF}.Release|Any CPU.Build.0 = Release|Any CPU
	EndGlobalSection
	GlobalSection(SolutionProperties) = preSolution
		HideSolutionNode = FALSE
	EndGlobalSection
	GlobalSection(ExtensibilityGlobals) = postSolution
		SolutionGuid = {1878BFB6-0BE8-4234-95EE-18A4D5DAF8C9}
	EndGlobalSection
EndGlobal
