
Microsoft Visual Studio Solution File, Format Version 12.00
# Visual Studio Version 16
VisualStudioVersion = 16.0.29920.165
MinimumVisualStudioVersion = 10.0.40219.1
Project("{FAE04EC0-301F-11D3-BF4B-00C04F79EFBC}") = "Exercicio Resolvido 2", "Exercicio Resolvido 2\Exercicio Resolvido 2.csproj", "{028497C7-AE34-4100-AF99-9DB4C1CC0BC3}"
EndProject
Global
	GlobalSection(SolutionConfigurationPlatforms) = preSolution
		Debug|Any CPU = Debug|Any CPU
		Release|Any CPU = Release|Any CPU
	EndGlobalSection
	GlobalSection(ProjectConfigurationPlatforms) = postSolution
		{028497C7-AE34-4100-AF99-9DB4C1CC0BC3}.Debug|Any CPU.ActiveCfg = Debug|Any CPU
		{028497C7-AE34-4100-AF99-9DB4C1CC0BC3}.Debug|Any CPU.Build.0 = Debug|Any CPU
		{028497C7-AE34-4100-AF99-9DB4C1CC0BC3}.Release|Any CPU.ActiveCfg = Release|Any CPU
		{028497C7-AE34-4100-AF99-9DB4C1CC0BC3}.Release|Any CPU.Build.0 = Release|Any CPU
	EndGlobalSection
	GlobalSection(SolutionProperties) = preSolution
		HideSolutionNode = FALSE
	EndGlobalSection
	GlobalSection(ExtensibilityGlobals) = postSolution
		SolutionGuid = {17A1ED11-722B-4D62-A572-DF7AD36A2678}
	EndGlobalSection
EndGlobal
