
Microsoft Visual Studio Solution File, Format Version 12.00
# Visual Studio Version 16
VisualStudioVersion = 16.0.30517.126
MinimumVisualStudioVersion = 10.0.40219.1
Project("{FAE04EC0-301F-11D3-BF4B-00C04F79EFBC}") = "SortedSet", "SortedSet\SortedSet.csproj", "{E956EA74-CED4-4855-95B6-A5C90398E275}"
EndProject
Global
	GlobalSection(SolutionConfigurationPlatforms) = preSolution
		Debug|Any CPU = Debug|Any CPU
		Release|Any CPU = Release|Any CPU
	EndGlobalSection
	GlobalSection(ProjectConfigurationPlatforms) = postSolution
		{E956EA74-CED4-4855-95B6-A5C90398E275}.Debug|Any CPU.ActiveCfg = Debug|Any CPU
		{E956EA74-CED4-4855-95B6-A5C90398E275}.Debug|Any CPU.Build.0 = Debug|Any CPU
		{E956EA74-CED4-4855-95B6-A5C90398E275}.Release|Any CPU.ActiveCfg = Release|Any CPU
		{E956EA74-CED4-4855-95B6-A5C90398E275}.Release|Any CPU.Build.0 = Release|Any CPU
	EndGlobalSection
	GlobalSection(SolutionProperties) = preSolution
		HideSolutionNode = FALSE
	EndGlobalSection
	GlobalSection(ExtensibilityGlobals) = postSolution
		SolutionGuid = {0A7142BD-E64E-4B62-BFDA-87FE0A8CFE91}
	EndGlobalSection
EndGlobal
