
Microsoft Visual Studio Solution File, Format Version 12.00
# Visual Studio Version 16
VisualStudioVersion = 16.0.29920.165
MinimumVisualStudioVersion = 10.0.40219.1
Project("{FAE04EC0-301F-11D3-BF4B-00C04F79EFBC}") = "Heranca", "Heranca\Heranca.csproj", "{4EB77EDF-DA84-4B7D-8FA5-E566097A1EF5}"
EndProject
Global
	GlobalSection(SolutionConfigurationPlatforms) = preSolution
		Debug|Any CPU = Debug|Any CPU
		Release|Any CPU = Release|Any CPU
	EndGlobalSection
	GlobalSection(ProjectConfigurationPlatforms) = postSolution
		{4EB77EDF-DA84-4B7D-8FA5-E566097A1EF5}.Debug|Any CPU.ActiveCfg = Debug|Any CPU
		{4EB77EDF-DA84-4B7D-8FA5-E566097A1EF5}.Debug|Any CPU.Build.0 = Debug|Any CPU
		{4EB77EDF-DA84-4B7D-8FA5-E566097A1EF5}.Release|Any CPU.ActiveCfg = Release|Any CPU
		{4EB77EDF-DA84-4B7D-8FA5-E566097A1EF5}.Release|Any CPU.Build.0 = Release|Any CPU
	EndGlobalSection
	GlobalSection(SolutionProperties) = preSolution
		HideSolutionNode = FALSE
	EndGlobalSection
	GlobalSection(ExtensibilityGlobals) = postSolution
		SolutionGuid = {C6851A28-4B3D-4E63-AB27-C962770B0BA6}
	EndGlobalSection
EndGlobal
