
Microsoft Visual Studio Solution File, Format Version 12.00
# Visual Studio Version 16
VisualStudioVersion = 16.0.29920.165
MinimumVisualStudioVersion = 10.0.40219.1
Project("{FAE04EC0-301F-11D3-BF4B-00C04F79EFBC}") = "Exercicio Resolvido 3", "Exercicio Resolvido 3\Exercicio Resolvido 3.csproj", "{793D7C70-8F88-4E11-B9B6-D48411F3654E}"
EndProject
Global
	GlobalSection(SolutionConfigurationPlatforms) = preSolution
		Debug|Any CPU = Debug|Any CPU
		Release|Any CPU = Release|Any CPU
	EndGlobalSection
	GlobalSection(ProjectConfigurationPlatforms) = postSolution
		{793D7C70-8F88-4E11-B9B6-D48411F3654E}.Debug|Any CPU.ActiveCfg = Debug|Any CPU
		{793D7C70-8F88-4E11-B9B6-D48411F3654E}.Debug|Any CPU.Build.0 = Debug|Any CPU
		{793D7C70-8F88-4E11-B9B6-D48411F3654E}.Release|Any CPU.ActiveCfg = Release|Any CPU
		{793D7C70-8F88-4E11-B9B6-D48411F3654E}.Release|Any CPU.Build.0 = Release|Any CPU
	EndGlobalSection
	GlobalSection(SolutionProperties) = preSolution
		HideSolutionNode = FALSE
	EndGlobalSection
	GlobalSection(ExtensibilityGlobals) = postSolution
		SolutionGuid = {6F8439E6-96C3-40AF-8A84-CAF76B3BD2DA}
	EndGlobalSection
EndGlobal
